<?xml version="1.0" encoding="utf-8"?>
<Project ToolsVersion="4.0" xmlns="http://schemas.microsoft.com/developer/msbuild/2003">
  <ItemGroup>
    <Filter Include="Source Files">
      <UniqueIdentifier>{4FC737F1-C7A5-4376-A066-2A32D752A2FF}</UniqueIdentifier>
      <Extensions>cpp;c;cc;cxx;def;odl;idl;hpj;bat;asm;asmx</Extensions>
    </Filter>
    <Filter Include="Header Files">
      <UniqueIdentifier>{93995380-89BD-4b04-88EB-625FBE52EBFB}</UniqueIdentifier>
      <Extensions>h;hh;hpp;hxx;hm;inl;inc;xsd</Extensions>
    </Filter>
    <Filter Include="Resource Files">
      <UniqueIdentifier>{67DA6AB6-F800-4c08-8B7A-83BB121AAD01}</UniqueIdentifier>
      <Extensions>rc;ico;cur;bmp;dlg;rc2;rct;bin;rgs;gif;jpg;jpeg;jpe;resx;tiff;tif;png;wav</Extensions>
    </Filter>
    <Filter Include="_pch">
      <UniqueIdentifier>{d908d6e3-dc21-4768-9872-f958f7f240b9}</UniqueIdentifier>
    </Filter>
    <Filter Include="Header Files\Via">
      <UniqueIdentifier>{686a3f7a-30af-4939-b743-06e8f2c0c1f5}</UniqueIdentifier>
    </Filter>
    <Filter Include="Header Files\Via\GraphicsView">
      <UniqueIdentifier>{c0f10e66-03fc-46ac-9905-c87e41c99743}</UniqueIdentifier>
    </Filter>
    <Filter Include="Header Files\Simulation">
      <UniqueIdentifier>{4c7160e1-a0b1-47c6-8430-f5e804060eeb}</UniqueIdentifier>
    </Filter>
    <Filter Include="Header Files\Via\GraphicsView\uic">
      <UniqueIdentifier>{3e218d88-6206-4f9e-8dd8-ab0f38709f7c}</UniqueIdentifier>
    </Filter>
  </ItemGroup>
  <ItemGroup>
    <ClCompile Include="stdafx.cpp">
      <Filter>_pch</Filter>
    </ClCompile>
    <ClCompile Include="..\HelloQt.cpp">
      <Filter>Source Files</Filter>
    </ClCompile>
  </ItemGroup>
  <ItemGroup>
    <ClInclude Include="stdafx.h">
      <Filter>_pch</Filter>
    </ClInclude>
    <ClInclude Include="..\src\HelloQt.h">
      <Filter>Header Files</Filter>
    </ClInclude>
    <ClInclude Include="..\src\viaQQuickPaintedItem.h">
      <Filter>Header Files</Filter>
    </ClInclude>
    <ClInclude Include="..\src\viaQml.h">
      <Filter>Header Files</Filter>
    </ClInclude>
    <ClInclude Include="..\src\viaQGraphicsView.h">
      <Filter>Header Files</Filter>
    </ClInclude>
    <ClInclude Include="..\src\Simulation\AllRoads.h">
      <Filter>Header Files\Simulation</Filter>
    </ClInclude>
    <ClInclude Include="..\src\Simulation\Road.h">
      <Filter>Header Files\Simulation</Filter>
    </ClInclude>
    <ClInclude Include="..\src\Simulation\Curve.h">
      <Filter>Header Files\Simulation</Filter>
    </ClInclude>
    <ClInclude Include="..\src\Simulation\Draw.h">
      <Filter>Header Files\Simulation</Filter>
    </ClInclude>
    <ClInclude Include="..\src\Simulation\Vehicle.h">
      <Filter>Header Files\Simulation</Filter>
    </ClInclude>
    <ClInclude Include="..\src\Simulation\IVehicle.h">
      <Filter>Header Files\Simulation</Filter>
    </ClInclude>
    <ClInclude Include="..\src\Simulation\VehicleGenerator.h">
      <Filter>Header Files\Simulation</Filter>
    </ClInclude>
    <ClInclude Include="..\src\Via\GraphicsView\BaseQGraphicsView.h">
      <Filter>Header Files\Via\GraphicsView</Filter>
    </ClInclude>
    <ClInclude Include="..\src\Via\GraphicsView\ZoomableQGraphicsView.h">
      <Filter>Header Files\Via\GraphicsView</Filter>
    </ClInclude>
    <ClInclude Include="..\src\Via\GraphicsView\DraggableQGraphicsView.h">
      <Filter>Header Files\Via\GraphicsView</Filter>
    </ClInclude>
    <ClInclude Include="..\src\Via\GraphicsView\uic\ui_mainwindow.h">
      <Filter>Header Files\Via\GraphicsView\uic</Filter>
    </ClInclude>
    <ClInclude Include="..\src\Via\GraphicsView\MainWindow.h">
      <Filter>Header Files\Via\GraphicsView</Filter>
    </ClInclude>
    <ClInclude Include="..\src\Via\GraphicsView\MainQGraphicsView.h">
      <Filter>Header Files\Via\GraphicsView</Filter>
    </ClInclude>
    <ClInclude Include="..\src\Timing.h">
      <Filter>Header Files</Filter>
    </ClInclude>
    <ClInclude Include="..\src\Via\GraphicsView\LoopLauncherQGraphicsView.h">
      <Filter>Header Files\Via\GraphicsView</Filter>
    </ClInclude>
    <ClInclude Include="..\src\Scener.h">
      <Filter>Header Files</Filter>
    </ClInclude>
  </ItemGroup>
  <ItemGroup>
    <None Include="cpp.hint" />
  </ItemGroup>
</Project>